
Microsoft Visual Studio Solution File, Format Version 12.00
# Visual Studio Version 17
VisualStudioVersion = 17.6.33829.357
MinimumVisualStudioVersion = 10.0.40219.1
Project("{2150E333-8FDC-42A3-9474-1A3956D46DE8}") = "1 - API", "1 - API", "{A3D08CB6-36F5-4626-BF82-D8D2F253027E}"
EndProject
Project("{2150E333-8FDC-42A3-9474-1A3956D46DE8}") = "2 - Application", "2 - Application", "{CACABCAD-F93F-4B48-BA55-F526E641ED2F}"
EndProject
Project("{2150E333-8FDC-42A3-9474-1A3956D46DE8}") = "3 - Infrastructure", "3 - Infrastructure", "{CC6B8134-4CBC-4B83-A4CB-6A6FA243705E}"
EndProject
Project("{2150E333-8FDC-42A3-9474-1A3956D46DE8}") = "4 - Domain", "4 - Domain", "{7B8A3F41-4C41-40C5-A833-9D76BD5BA15A}"
EndProject
Project("{9A19103F-16F7-4668-BE54-9A1E7A4F7556}") = "ProjetoF.Domain", "src\ProjetoF.Domain\ProjetoF.Domain.csproj", "{496B506C-CA6D-4068-A4FE-F9FC4D324067}"
EndProject
Project("{9A19103F-16F7-4668-BE54-9A1E7A4F7556}") = "ProjetoF.Infrastructure", "src\ProjetoF.Infrastructure\ProjetoF.Infrastructure.csproj", "{2048ABFA-CAF9-4590-BDD6-50256B716418}"
EndProject
Project("{9A19103F-16F7-4668-BE54-9A1E7A4F7556}") = "ProjetoF.Application", "src\ProjetoF.Application\ProjetoF.Application.csproj", "{B0646061-14FF-45DA-ACA3-540BA16D0915}"
EndProject
Project("{9A19103F-16F7-4668-BE54-9A1E7A4F7556}") = "ProjetoF.WebApi", "src\ProjetoF.WebApi\ProjetoF.WebApi.csproj", "{221C47E2-FAB2-43EE-A40D-A3AED18F8F24}"
EndProject
Global
	GlobalSection(SolutionConfigurationPlatforms) = preSolution
		Debug|Any CPU = Debug|Any CPU
		Release|Any CPU = Release|Any CPU
	EndGlobalSection
	GlobalSection(ProjectConfigurationPlatforms) = postSolution
		{496B506C-CA6D-4068-A4FE-F9FC4D324067}.Debug|Any CPU.ActiveCfg = Debug|Any CPU
		{496B506C-CA6D-4068-A4FE-F9FC4D324067}.Debug|Any CPU.Build.0 = Debug|Any CPU
		{496B506C-CA6D-4068-A4FE-F9FC4D324067}.Release|Any CPU.ActiveCfg = Release|Any CPU
		{496B506C-CA6D-4068-A4FE-F9FC4D324067}.Release|Any CPU.Build.0 = Release|Any CPU
		{2048ABFA-CAF9-4590-BDD6-50256B716418}.Debug|Any CPU.ActiveCfg = Debug|Any CPU
		{2048ABFA-CAF9-4590-BDD6-50256B716418}.Debug|Any CPU.Build.0 = Debug|Any CPU
		{2048ABFA-CAF9-4590-BDD6-50256B716418}.Release|Any CPU.ActiveCfg = Release|Any CPU
		{2048ABFA-CAF9-4590-BDD6-50256B716418}.Release|Any CPU.Build.0 = Release|Any CPU
		{B0646061-14FF-45DA-ACA3-540BA16D0915}.Debug|Any CPU.ActiveCfg = Debug|Any CPU
		{B0646061-14FF-45DA-ACA3-540BA16D0915}.Debug|Any CPU.Build.0 = Debug|Any CPU
		{B0646061-14FF-45DA-ACA3-540BA16D0915}.Release|Any CPU.ActiveCfg = Release|Any CPU
		{B0646061-14FF-45DA-ACA3-540BA16D0915}.Release|Any CPU.Build.0 = Release|Any CPU
		{221C47E2-FAB2-43EE-A40D-A3AED18F8F24}.Debug|Any CPU.ActiveCfg = Debug|Any CPU
		{221C47E2-FAB2-43EE-A40D-A3AED18F8F24}.Debug|Any CPU.Build.0 = Debug|Any CPU
		{221C47E2-FAB2-43EE-A40D-A3AED18F8F24}.Release|Any CPU.ActiveCfg = Release|Any CPU
		{221C47E2-FAB2-43EE-A40D-A3AED18F8F24}.Release|Any CPU.Build.0 = Release|Any CPU
	EndGlobalSection
	GlobalSection(SolutionProperties) = preSolution
		HideSolutionNode = FALSE
	EndGlobalSection
	GlobalSection(NestedProjects) = preSolution
		{496B506C-CA6D-4068-A4FE-F9FC4D324067} = {7B8A3F41-4C41-40C5-A833-9D76BD5BA15A}
		{2048ABFA-CAF9-4590-BDD6-50256B716418} = {CC6B8134-4CBC-4B83-A4CB-6A6FA243705E}
		{B0646061-14FF-45DA-ACA3-540BA16D0915} = {CACABCAD-F93F-4B48-BA55-F526E641ED2F}
		{221C47E2-FAB2-43EE-A40D-A3AED18F8F24} = {A3D08CB6-36F5-4626-BF82-D8D2F253027E}
	EndGlobalSection
	GlobalSection(ExtensibilityGlobals) = postSolution
		SolutionGuid = {9777564C-7B99-42FB-B483-08845513E5DB}
	EndGlobalSection
EndGlobal
